
Microsoft Visual Studio Solution File, Format Version 11.00
# Visual Studio 2010
Project("{FAE04EC0-301F-11D3-BF4B-00C04F79EFBC}") = "Assembly-CSharp", "Assembly-CSharp.csproj", "{390fe048-789f-3395-73d8-9f0428615e64}"
EndProject
Project("{FAE04EC0-301F-11D3-BF4B-00C04F79EFBC}") = "Assembly-CSharp-firstpass", "Assembly-CSharp-firstpass.csproj", "{7cfefe68-ab3f-0a48-cd86-3af158e9f65e}"
EndProject
Global
	GlobalSection(SolutionConfigurationPlatforms) = preSolution
		Debug|Any CPU = Debug|Any CPU
	EndGlobalSection
	GlobalSection(ProjectConfigurationPlatforms) = postSolution
		{390fe048-789f-3395-73d8-9f0428615e64}.Debug|Any CPU.ActiveCfg = Debug|Any CPU
		{390fe048-789f-3395-73d8-9f0428615e64}.Debug|Any CPU.Build.0 = Debug|Any CPU
		{7cfefe68-ab3f-0a48-cd86-3af158e9f65e}.Debug|Any CPU.ActiveCfg = Debug|Any CPU
		{7cfefe68-ab3f-0a48-cd86-3af158e9f65e}.Debug|Any CPU.Build.0 = Debug|Any CPU
	EndGlobalSection
	GlobalSection(SolutionProperties) = preSolution
		HideSolutionNode = FALSE
	EndGlobalSection
EndGlobal
